
Microsoft Visual Studio Solution File, Format Version 12.00
# Visual Studio 14
VisualStudioVersion = 14.0.25420.1
MinimumVisualStudioVersion = 10.0.40219.1
Project("{2150E333-8FDC-42A3-9474-1A3956D46DE8}") = "Lib", "Lib", "{7C951977-C66E-4455-A107-C659765DA7BB}"
EndProject
Project("{888888A0-9F3D-457C-B088-3A5042F75D52}") = "BusPiratePy", "BusPiratePy\BusPiratePy.pyproj", "{99E05389-379A-479C-BF0A-943E5739BFDC}"
EndProject
Global
	GlobalSection(SolutionConfigurationPlatforms) = preSolution
		Debug|Any CPU = Debug|Any CPU
		Release|Any CPU = Release|Any CPU
	EndGlobalSection
	GlobalSection(ProjectConfigurationPlatforms) = postSolution
		{99E05389-379A-479C-BF0A-943E5739BFDC}.Debug|Any CPU.ActiveCfg = Debug|Any CPU
		{99E05389-379A-479C-BF0A-943E5739BFDC}.Release|Any CPU.ActiveCfg = Release|Any CPU
	EndGlobalSection
	GlobalSection(SolutionProperties) = preSolution
		HideSolutionNode = FALSE
	EndGlobalSection
	GlobalSection(NestedProjects) = preSolution
		{99E05389-379A-479C-BF0A-943E5739BFDC} = {7C951977-C66E-4455-A107-C659765DA7BB}
	EndGlobalSection
EndGlobal
